
Microsoft Visual Studio Solution File, Format Version 12.00
# Visual Studio Version 16
VisualStudioVersion = 16.0.28803.202
MinimumVisualStudioVersion = 10.0.40219.1
Project("{FAE04EC0-301F-11D3-BF4B-00C04F79EFBC}") = "KonoeStudio.Demo.DependencyInjection", "KonoeStudio.Demo.DependencyInjection\KonoeStudio.Demo.DependencyInjection.csproj", "{0E884854-BCC1-41A6-A900-9AD876492E6C}"
EndProject
Global
	GlobalSection(SolutionConfigurationPlatforms) = preSolution
		Debug|Any CPU = Debug|Any CPU
		Release|Any CPU = Release|Any CPU
	EndGlobalSection
	GlobalSection(ProjectConfigurationPlatforms) = postSolution
		{0E884854-BCC1-41A6-A900-9AD876492E6C}.Debug|Any CPU.ActiveCfg = Debug|Any CPU
		{0E884854-BCC1-41A6-A900-9AD876492E6C}.Debug|Any CPU.Build.0 = Debug|Any CPU
		{0E884854-BCC1-41A6-A900-9AD876492E6C}.Release|Any CPU.ActiveCfg = Release|Any CPU
		{0E884854-BCC1-41A6-A900-9AD876492E6C}.Release|Any CPU.Build.0 = Release|Any CPU
	EndGlobalSection
	GlobalSection(SolutionProperties) = preSolution
		HideSolutionNode = FALSE
	EndGlobalSection
	GlobalSection(ExtensibilityGlobals) = postSolution
		SolutionGuid = {CAFD9DE9-16F8-4C9D-B34B-5558C59E6FCF}
	EndGlobalSection
EndGlobal
